
Microsoft Visual Studio Solution File, Format Version 12.00
# Visual Studio 15
VisualStudioVersion = 15.0.28307.168
MinimumVisualStudioVersion = 10.0.40219.1
Project("{FAE04EC0-301F-11D3-BF4B-00C04F79EFBC}") = "Tests", "Tests\Tests.csproj", "{7AD12A7E-E327-4F36-9F90-13A63E09189F}"
EndProject
Project("{FAE04EC0-301F-11D3-BF4B-00C04F79EFBC}") = "Cli", "Cli\Cli.csproj", "{8F397C42-6F9C-4936-B4D2-26C4328E1901}"
EndProject
Project("{FAE04EC0-301F-11D3-BF4B-00C04F79EFBC}") = "Sql", "Sql\Sql.csproj", "{29AA8162-23E7-47DD-AE04-0D1168DE4AA4}"
EndProject
Global
	GlobalSection(SolutionConfigurationPlatforms) = preSolution
		Debug|Any CPU = Debug|Any CPU
		Release|Any CPU = Release|Any CPU
	EndGlobalSection
	GlobalSection(ProjectConfigurationPlatforms) = postSolution
		{7AD12A7E-E327-4F36-9F90-13A63E09189F}.Debug|Any CPU.ActiveCfg = Debug|Any CPU
		{7AD12A7E-E327-4F36-9F90-13A63E09189F}.Debug|Any CPU.Build.0 = Debug|Any CPU
		{7AD12A7E-E327-4F36-9F90-13A63E09189F}.Release|Any CPU.ActiveCfg = Release|Any CPU
		{7AD12A7E-E327-4F36-9F90-13A63E09189F}.Release|Any CPU.Build.0 = Release|Any CPU
		{8F397C42-6F9C-4936-B4D2-26C4328E1901}.Debug|Any CPU.ActiveCfg = Debug|Any CPU
		{8F397C42-6F9C-4936-B4D2-26C4328E1901}.Debug|Any CPU.Build.0 = Debug|Any CPU
		{8F397C42-6F9C-4936-B4D2-26C4328E1901}.Release|Any CPU.ActiveCfg = Release|Any CPU
		{8F397C42-6F9C-4936-B4D2-26C4328E1901}.Release|Any CPU.Build.0 = Release|Any CPU
		{29AA8162-23E7-47DD-AE04-0D1168DE4AA4}.Debug|Any CPU.ActiveCfg = Debug|Any CPU
		{29AA8162-23E7-47DD-AE04-0D1168DE4AA4}.Debug|Any CPU.Build.0 = Debug|Any CPU
		{29AA8162-23E7-47DD-AE04-0D1168DE4AA4}.Release|Any CPU.ActiveCfg = Release|Any CPU
		{29AA8162-23E7-47DD-AE04-0D1168DE4AA4}.Release|Any CPU.Build.0 = Release|Any CPU
	EndGlobalSection
	GlobalSection(SolutionProperties) = preSolution
		HideSolutionNode = FALSE
	EndGlobalSection
	GlobalSection(ExtensibilityGlobals) = postSolution
		SolutionGuid = {F706474D-D2F2-4F9D-AC9F-82FC43952138}
	EndGlobalSection
EndGlobal
